
Microsoft Visual Studio Solution File, Format Version 12.00
# Visual Studio Version 16
VisualStudioVersion = 16.0.30128.74
MinimumVisualStudioVersion = 10.0.40219.1
Project("{9A19103F-16F7-4668-BE54-9A1E7A4F7556}") = "Bondski.QvdLib", "Bondski.QvdLib\Bondski.QvdLib.csproj", "{5B1BE07E-358F-45A0-8A7A-DE443CF3279D}"
EndProject
Project("{9A19103F-16F7-4668-BE54-9A1E7A4F7556}") = "Bondski.QvdLib.Tests", "Bondski.QvdLib.Tests\Bondski.QvdLib.Tests.csproj", "{79953156-BE09-499E-8142-17E322A00417}"
EndProject
Project("{FAE04EC0-301F-11D3-BF4B-00C04F79EFBC}") = "ConsoleApp1", "ConsoleApp1\ConsoleApp1.csproj", "{03FB2A4F-A4B3-4119-9A38-396F5BB948AA}"
EndProject
Global
	GlobalSection(SolutionConfigurationPlatforms) = preSolution
		Debug|Any CPU = Debug|Any CPU
		Release|Any CPU = Release|Any CPU
	EndGlobalSection
	GlobalSection(ProjectConfigurationPlatforms) = postSolution
		{5B1BE07E-358F-45A0-8A7A-DE443CF3279D}.Debug|Any CPU.ActiveCfg = Debug|Any CPU
		{5B1BE07E-358F-45A0-8A7A-DE443CF3279D}.Debug|Any CPU.Build.0 = Debug|Any CPU
		{5B1BE07E-358F-45A0-8A7A-DE443CF3279D}.Release|Any CPU.ActiveCfg = Release|Any CPU
		{5B1BE07E-358F-45A0-8A7A-DE443CF3279D}.Release|Any CPU.Build.0 = Release|Any CPU
		{79953156-BE09-499E-8142-17E322A00417}.Debug|Any CPU.ActiveCfg = Debug|Any CPU
		{79953156-BE09-499E-8142-17E322A00417}.Debug|Any CPU.Build.0 = Debug|Any CPU
		{79953156-BE09-499E-8142-17E322A00417}.Release|Any CPU.ActiveCfg = Release|Any CPU
		{79953156-BE09-499E-8142-17E322A00417}.Release|Any CPU.Build.0 = Release|Any CPU
		{03FB2A4F-A4B3-4119-9A38-396F5BB948AA}.Debug|Any CPU.ActiveCfg = Debug|Any CPU
		{03FB2A4F-A4B3-4119-9A38-396F5BB948AA}.Debug|Any CPU.Build.0 = Debug|Any CPU
		{03FB2A4F-A4B3-4119-9A38-396F5BB948AA}.Release|Any CPU.ActiveCfg = Release|Any CPU
		{03FB2A4F-A4B3-4119-9A38-396F5BB948AA}.Release|Any CPU.Build.0 = Release|Any CPU
	EndGlobalSection
	GlobalSection(SolutionProperties) = preSolution
		HideSolutionNode = FALSE
	EndGlobalSection
	GlobalSection(ExtensibilityGlobals) = postSolution
		SolutionGuid = {F8F499AC-6C2E-4437-A275-D79544712730}
	EndGlobalSection
EndGlobal
